
Microsoft Visual Studio Solution File, Format Version 12.00
# Visual Studio Version 17
VisualStudioVersion = 17.8.34511.84
MinimumVisualStudioVersion = 10.0.40219.1
Project("{FAE04EC0-301F-11D3-BF4B-00C04F79EFBC}") = "ucantop_oyunu", "ucantop_oyunu\ucantop_oyunu.csproj", "{E7CF68A9-9FFB-43E9-9DF9-7841258A7AC9}"
EndProject
Global
	GlobalSection(SolutionConfigurationPlatforms) = preSolution
		Debug|Any CPU = Debug|Any CPU
		Release|Any CPU = Release|Any CPU
	EndGlobalSection
	GlobalSection(ProjectConfigurationPlatforms) = postSolution
		{E7CF68A9-9FFB-43E9-9DF9-7841258A7AC9}.Debug|Any CPU.ActiveCfg = Debug|Any CPU
		{E7CF68A9-9FFB-43E9-9DF9-7841258A7AC9}.Debug|Any CPU.Build.0 = Debug|Any CPU
		{E7CF68A9-9FFB-43E9-9DF9-7841258A7AC9}.Release|Any CPU.ActiveCfg = Release|Any CPU
		{E7CF68A9-9FFB-43E9-9DF9-7841258A7AC9}.Release|Any CPU.Build.0 = Release|Any CPU
	EndGlobalSection
	GlobalSection(SolutionProperties) = preSolution
		HideSolutionNode = FALSE
	EndGlobalSection
	GlobalSection(ExtensibilityGlobals) = postSolution
		SolutionGuid = {9726823D-1677-49F8-AD08-911DD594FD9B}
	EndGlobalSection
EndGlobal
